// !$*UTF8*$!
{
	archiveVersion = 1;
	classes = {
	};
	objectVersion = 50;
	objects = {

/* Begin PBXBuildFile section */
		DE22B14622C3DF7100CFD6A5 /* SetLocationViewController.swift in Sources */ = {isa = PBXBuildFile; fileRef = DE22B14522C3DF7100CFD6A5 /* SetLocationViewController.swift */; };
		DE9945E622C18EEC0009F836 /* AppDelegate.swift in Sources */ = {isa = PBXBuildFile; fileRef = DE9945E522C18EEC0009F836 /* AppDelegate.swift */; };
		DE9945E822C18EEC0009F836 /* LoginViewController.swift in Sources */ = {isa = PBXBuildFile; fileRef = DE9945E722C18EEC0009F836 /* LoginViewController.swift */; };
		DE9945EB22C18EEC0009F836 /* Main.storyboard in Resources */ = {isa = PBXBuildFile; fileRef = DE9945E922C18EEC0009F836 /* Main.storyboard */; };
		DE9945ED22C18EF00009F836 /* Assets.xcassets in Resources */ = {isa = PBXBuildFile; fileRef = DE9945EC22C18EF00009F836 /* Assets.xcassets */; };
		DE9945F022C18EF00009F836 /* LaunchScreen.storyboard in Resources */ = {isa = PBXBuildFile; fileRef = DE9945EE22C18EF00009F836 /* LaunchScreen.storyboard */; };
		DE9945FA22C1925C0009F836 /* MapViewController.swift in Sources */ = {isa = PBXBuildFile; fileRef = DE9945F922C1925C0009F836 /* MapViewController.swift */; };
		DE9945FF22C1A76E0009F836 /* AlertHelper.swift in Sources */ = {isa = PBXBuildFile; fileRef = DE9945FE22C1A76E0009F836 /* AlertHelper.swift */; };
		DE99460122C1A9AE0009F836 /* Contants.swift in Sources */ = {isa = PBXBuildFile; fileRef = DE99460022C1A9AE0009F836 /* Contants.swift */; };
		DE99460322C1B7160009F836 /* Student.swift in Sources */ = {isa = PBXBuildFile; fileRef = DE99460222C1B7160009F836 /* Student.swift */; };
		DE99460722C1B84E0009F836 /* AddLocationViewController.swift in Sources */ = {isa = PBXBuildFile; fileRef = DE99460622C1B84E0009F836 /* AddLocationViewController.swift */; };
		DE99460922C2B54D0009F836 /* AuthClient.swift in Sources */ = {isa = PBXBuildFile; fileRef = DE99460822C2B54D0009F836 /* AuthClient.swift */; };
		DE99460C22C2B7D20009F836 /* StudentsClient.swift in Sources */ = {isa = PBXBuildFile; fileRef = DE99460B22C2B7D20009F836 /* StudentsClient.swift */; };
		DE99460E22C2C0DA0009F836 /* Auth.swift in Sources */ = {isa = PBXBuildFile; fileRef = DE99460D22C2C0DA0009F836 /* Auth.swift */; };
		DE99461022C2DCD70009F836 /* TableViewController.swift in Sources */ = {isa = PBXBuildFile; fileRef = DE99460F22C2DCD70009F836 /* TableViewController.swift */; };
/* End PBXBuildFile section */

/* Begin PBXFileReference section */
		DE22B14522C3DF7100CFD6A5 /* SetLocationViewController.swift */ = {isa = PBXFileReference; lastKnownFileType = sourcecode.swift; path = SetLocationViewController.swift; sourceTree = "<group>"; };
		DE9945E222C18EEC0009F836 /* OnTheMap.app */ = {isa = PBXFileReference; explicitFileType = wrapper.application; includeInIndex = 0; path = OnTheMap.app; sourceTree = BUILT_PRODUCTS_DIR; };
		DE9945E522C18EEC0009F836 /* AppDelegate.swift */ = {isa = PBXFileReference; lastKnownFileType = sourcecode.swift; path = AppDelegate.swift; sourceTree = "<group>"; };
		DE9945E722C18EEC0009F836 /* LoginViewController.swift */ = {isa = PBXFileReference; lastKnownFileType = sourcecode.swift; path = LoginViewController.swift; sourceTree = "<group>"; };
		DE9945EA22C18EEC0009F836 /* Base */ = {isa = PBXFileReference; lastKnownFileType = file.storyboard; name = Base; path = Base.lproj/Main.storyboard; sourceTree = "<group>"; };
		DE9945EC22C18EF00009F836 /* Assets.xcassets */ = {isa = PBXFileReference; lastKnownFileType = folder.assetcatalog; path = Assets.xcassets; sourceTree = "<group>"; };
		DE9945EF22C18EF00009F836 /* Base */ = {isa = PBXFileReference; lastKnownFileType = file.storyboard; name = Base; path = Base.lproj/LaunchScreen.storyboard; sourceTree = "<group>"; };
		DE9945F122C18EF00009F836 /* Info.plist */ = {isa = PBXFileReference; lastKnownFileType = text.plist.xml; path = Info.plist; sourceTree = "<group>"; };
		DE9945F922C1925C0009F836 /* MapViewController.swift */ = {isa = PBXFileReference; lastKnownFileType = sourcecode.swift; path = MapViewController.swift; sourceTree = "<group>"; };
		DE9945FE22C1A76E0009F836 /* AlertHelper.swift */ = {isa = PBXFileReference; lastKnownFileType = sourcecode.swift; path = AlertHelper.swift; sourceTree = "<group>"; };
		DE99460022C1A9AE0009F836 /* Contants.swift */ = {isa = PBXFileReference; lastKnownFileType = sourcecode.swift; path = Contants.swift; sourceTree = "<group>"; };
		DE99460222C1B7160009F836 /* Student.swift */ = {isa = PBXFileReference; lastKnownFileType = sourcecode.swift; path = Student.swift; sourceTree = "<group>"; };
		DE99460622C1B84E0009F836 /* AddLocationViewController.swift */ = {isa = PBXFileReference; lastKnownFileType = sourcecode.swift; path = AddLocationViewController.swift; sourceTree = "<group>"; };
		DE99460822C2B54D0009F836 /* AuthClient.swift */ = {isa = PBXFileReference; lastKnownFileType = sourcecode.swift; path = AuthClient.swift; sourceTree = "<group>"; };
		DE99460B22C2B7D20009F836 /* StudentsClient.swift */ = {isa = PBXFileReference; lastKnownFileType = sourcecode.swift; path = StudentsClient.swift; sourceTree = "<group>"; };
		DE99460D22C2C0DA0009F836 /* Auth.swift */ = {isa = PBXFileReference; lastKnownFileType = sourcecode.swift; path = Auth.swift; sourceTree = "<group>"; };
		DE99460F22C2DCD70009F836 /* TableViewController.swift */ = {isa = PBXFileReference; lastKnownFileType = sourcecode.swift; path = TableViewController.swift; sourceTree = "<group>"; };
/* End PBXFileReference section */

/* Begin PBXFrameworksBuildPhase section */
		DE9945DF22C18EEC0009F836 /* Frameworks */ = {
			isa = PBXFrameworksBuildPhase;
			buildActionMask = 2147483647;
			files = (
			);
			runOnlyForDeploymentPostprocessing = 0;
		};
/* End PBXFrameworksBuildPhase section */

/* Begin PBXGroup section */
		045EE55D22DE21E900EF58AC /* View */ = {
			isa = PBXGroup;
			children = (
				DE9945E922C18EEC0009F836 /* Main.storyboard */,
				DE9945EE22C18EF00009F836 /* LaunchScreen.storyboard */,
				DE9945EC22C18EF00009F836 /* Assets.xcassets */,
			);
			path = View;
			sourceTree = "<group>";
		};
		DE22B14722C4273C00CFD6A5 /* Structs */ = {
			isa = PBXGroup;
			children = (
				DE99460D22C2C0DA0009F836 /* Auth.swift */,
				DE99460222C1B7160009F836 /* Student.swift */,
			);
			path = Structs;
			sourceTree = "<group>";
		};
		DE9945D922C18EEC0009F836 = {
			isa = PBXGroup;
			children = (
				DE9945E422C18EEC0009F836 /* OnTheMap */,
				DE9945E322C18EEC0009F836 /* Products */,
			);
			sourceTree = "<group>";
		};
		DE9945E322C18EEC0009F836 /* Products */ = {
			isa = PBXGroup;
			children = (
				DE9945E222C18EEC0009F836 /* OnTheMap.app */,
			);
			name = Products;
			sourceTree = "<group>";
		};
		DE9945E422C18EEC0009F836 /* OnTheMap */ = {
			isa = PBXGroup;
			children = (
				DE9945FD22C1A74E0009F836 /* Utils */,
				DE9945F822C18F3D0009F836 /* Model */,
				DE9945F722C18F090009F836 /* Controller */,
				DE9945E522C18EEC0009F836 /* AppDelegate.swift */,
				045EE55D22DE21E900EF58AC /* View */,
				DE9945F122C18EF00009F836 /* Info.plist */,
			);
			path = OnTheMap;
			sourceTree = "<group>";
		};
		DE9945F722C18F090009F836 /* Controller */ = {
			isa = PBXGroup;
			children = (
				DE9945E722C18EEC0009F836 /* LoginViewController.swift */,
				DE9945F922C1925C0009F836 /* MapViewController.swift */,
				DE99460F22C2DCD70009F836 /* TableViewController.swift */,
				DE99460622C1B84E0009F836 /* AddLocationViewController.swift */,
				DE22B14522C3DF7100CFD6A5 /* SetLocationViewController.swift */,
			);
			path = Controller;
			sourceTree = "<group>";
		};
		DE9945F822C18F3D0009F836 /* Model */ = {
			isa = PBXGroup;
			children = (
				DE22B14722C4273C00CFD6A5 /* Structs */,
				DE99460A22C2B5560009F836 /* Client */,
			);
			path = Model;
			sourceTree = "<group>";
		};
		DE9945FD22C1A74E0009F836 /* Utils */ = {
			isa = PBXGroup;
			children = (
				DE9945FE22C1A76E0009F836 /* AlertHelper.swift */,
				DE99460022C1A9AE0009F836 /* Contants.swift */,
			);
			path = Utils;
			sourceTree = "<group>";
		};
		DE99460A22C2B5560009F836 /* Client */ = {
			isa = PBXGroup;
			children = (
				DE99460822C2B54D0009F836 /* AuthClient.swift */,
				DE99460B22C2B7D20009F836 /* StudentsClient.swift */,
			);
			path = Client;
			sourceTree = "<group>";
		};
/* End PBXGroup section */

/* Begin PBXNativeTarget section */
		DE9945E122C18EEC0009F836 /* OnTheMap */ = {
			isa = PBXNativeTarget;
			buildConfigurationList = DE9945F422C18EF00009F836 /* Build configuration list for PBXNativeTarget "OnTheMap" */;
			buildPhases = (
				DE9945DE22C18EEC0009F836 /* Sources */,
				DE9945DF22C18EEC0009F836 /* Frameworks */,
				DE9945E022C18EEC0009F836 /* Resources */,
			);
			buildRules = (
			);
			dependencies = (
			);
			name = OnTheMap;
			productName = OnTheMap;
			productReference = DE9945E222C18EEC0009F836 /* OnTheMap.app */;
			productType = "com.apple.product-type.application";
		};
/* End PBXNativeTarget section */

/* Begin PBXProject section */
		DE9945DA22C18EEC0009F836 /* Project object */ = {
			isa = PBXProject;
			attributes = {
				LastSwiftUpdateCheck = 1020;
				LastUpgradeCheck = 1020;
				ORGANIZATIONNAME = supergenedy;
				TargetAttributes = {
					DE9945E122C18EEC0009F836 = {
						CreatedOnToolsVersion = 10.2.1;
					};
				};
			};
			buildConfigurationList = DE9945DD22C18EEC0009F836 /* Build configuration list for PBXProject "OnTheMap" */;
			compatibilityVersion = "Xcode 9.3";
			developmentRegion = en;
			hasScannedForEncodings = 0;
			knownRegions = (
				en,
				Base,
			);
			mainGroup = DE9945D922C18EEC0009F836;
			productRefGroup = DE9945E322C18EEC0009F836 /* Products */;
			projectDirPath = "";
			projectRoot = "";
			targets = (
				DE9945E122C18EEC0009F836 /* OnTheMap */,
			);
		};
/* End PBXProject section */

/* Begin PBXResourcesBuildPhase section */
		DE9945E022C18EEC0009F836 /* Resources */ = {
			isa = PBXResourcesBuildPhase;
			buildActionMask = 2147483647;
			files = (
				DE9945F022C18EF00009F836 /* LaunchScreen.storyboard in Resources */,
				DE9945ED22C18EF00009F836 /* Assets.xcassets in Resources */,
				DE9945EB22C18EEC0009F836 /* Main.storyboard in Resources */,
			);
			runOnlyForDeploymentPostprocessing = 0;
		};
/* End PBXResourcesBuildPhase section */

/* Begin PBXSourcesBuildPhase section */
		DE9945DE22C18EEC0009F836 /* Sources */ = {
			isa = PBXSourcesBuildPhase;
			buildActionMask = 2147483647;
			files = (
				DE9945FF22C1A76E0009F836 /* AlertHelper.swift in Sources */,
				DE99460922C2B54D0009F836 /* AuthClient.swift in Sources */,
				DE99460322C1B7160009F836 /* Student.swift in Sources */,
				DE9945E822C18EEC0009F836 /* LoginViewController.swift in Sources */,
				DE99460722C1B84E0009F836 /* AddLocationViewController.swift in Sources */,
				DE99460122C1A9AE0009F836 /* Contants.swift in Sources */,
				DE99460E22C2C0DA0009F836 /* Auth.swift in Sources */,
				DE99460C22C2B7D20009F836 /* StudentsClient.swift in Sources */,
				DE99461022C2DCD70009F836 /* TableViewController.swift in Sources */,
				DE9945FA22C1925C0009F836 /* MapViewController.swift in Sources */,
				DE22B14622C3DF7100CFD6A5 /* SetLocationViewController.swift in Sources */,
				DE9945E622C18EEC0009F836 /* AppDelegate.swift in Sources */,
			);
			runOnlyForDeploymentPostprocessing = 0;
		};
/* End PBXSourcesBuildPhase section */

/* Begin PBXVariantGroup section */
		DE9945E922C18EEC0009F836 /* Main.storyboard */ = {
			isa = PBXVariantGroup;
			children = (
				DE9945EA22C18EEC0009F836 /* Base */,
			);
			name = Main.storyboard;
			sourceTree = "<group>";
		};
		DE9945EE22C18EF00009F836 /* LaunchScreen.storyboard */ = {
			isa = PBXVariantGroup;
			children = (
				DE9945EF22C18EF00009F836 /* Base */,
			);
			name = LaunchScreen.storyboard;
			sourceTree = "<group>";
		};
/* End PBXVariantGroup section */

/* Begin XCBuildConfiguration section */
		DE9945F222C18EF00009F836 /* Debug */ = {
			isa = XCBuildConfiguration;
			buildSettings = {
				ALWAYS_SEARCH_USER_PATHS = NO;
				CLANG_ANALYZER_NONNULL = YES;
				CLANG_ANALYZER_NUMBER_OBJECT_CONVERSION = YES_AGGRESSIVE;
				CLANG_CXX_LANGUAGE_STANDARD = "gnu++14";
				CLANG_CXX_LIBRARY = "libc++";
				CLANG_ENABLE_MODULES = YES;
				CLANG_ENABLE_OBJC_ARC = YES;
				CLANG_ENABLE_OBJC_WEAK = YES;
				CLANG_WARN_BLOCK_CAPTURE_AUTORELEASING = YES;
				CLANG_WARN_BOOL_CONVERSION = YES;
				CLANG_WARN_COMMA = YES;
				CLANG_WARN_CONSTANT_CONVERSION = YES;
				CLANG_WARN_DEPRECATED_OBJC_IMPLEMENTATIONS = YES;
				CLANG_WARN_DIRECT_OBJC_ISA_USAGE = YES_ERROR;
				CLANG_WARN_DOCUMENTATION_COMMENTS = YES;
				CLANG_WARN_EMPTY_BODY = YES;
				CLANG_WARN_ENUM_CONVERSION = YES;
				CLANG_WARN_INFINITE_RECURSION = YES;
				CLANG_WARN_INT_CONVERSION = YES;
				CLANG_WARN_NON_LITERAL_NULL_CONVERSION = YES;
				CLANG_WARN_OBJC_IMPLICIT_RETAIN_SELF = YES;
				CLANG_WARN_OBJC_LITERAL_CONVERSION = YES;
				CLANG_WARN_OBJC_ROOT_CLASS = YES_ERROR;
				CLANG_WARN_RANGE_LOOP_ANALYSIS = YES;
				CLANG_WARN_STRICT_PROTOTYPES = YES;
				CLANG_WARN_SUSPICIOUS_MOVE = YES;
				CLANG_WARN_UNGUARDED_AVAILABILITY = YES_AGGRESSIVE;
				CLANG_WARN_UNREACHABLE_CODE = YES;
				CLANG_WARN__DUPLICATE_METHOD_MATCH = YES;
				CODE_SIGN_IDENTITY = "iPhone Developer";
				COPY_PHASE_STRIP = NO;
				DEBUG_INFORMATION_FORMAT = dwarf;
				ENABLE_STRICT_OBJC_MSGSEND = YES;
				ENABLE_TESTABILITY = YES;
				GCC_C_LANGUAGE_STANDARD = gnu11;
				GCC_DYNAMIC_NO_PIC = NO;
				GCC_NO_COMMON_BLOCKS = YES;
				GCC_OPTIMIZATION_LEVEL = 0;
				GCC_PREPROCESSOR_DEFINITIONS = (
					"DEBUG=1",
					"$(inherited)",
				);
				GCC_WARN_64_TO_32_BIT_CONVERSION = YES;
				GCC_WARN_ABOUT_RETURN_TYPE = YES_ERROR;
				GCC_WARN_UNDECLARED_SELECTOR = YES;
				GCC_WARN_UNINITIALIZED_AUTOS = YES_AGGRESSIVE;
				GCC_WARN_UNUSED_FUNCTION = YES;
				GCC_WARN_UNUSED_VARIABLE = YES;
				IPHONEOS_DEPLOYMENT_TARGET = 12.2;
				MTL_ENABLE_DEBUG_INFO = INCLUDE_SOURCE;
				MTL_FAST_MATH = YES;
				ONLY_ACTIVE_ARCH = YES;
				SDKROOT = iphoneos;
				SWIFT_ACTIVE_COMPILATION_CONDITIONS = DEBUG;
				SWIFT_OPTIMIZATION_LEVEL = "-Onone";
			};
			name = Debug;
		};
		DE9945F322C18EF00009F836 /* Release */ = {
			isa = XCBuildConfiguration;
			buildSettings = {
				ALWAYS_SEARCH_USER_PATHS = NO;
				CLANG_ANALYZER_NONNULL = YES;
				CLANG_ANALYZER_NUMBER_OBJECT_CONVERSION = YES_AGGRESSIVE;
				CLANG_CXX_LANGUAGE_STANDARD = "gnu++14";
				CLANG_CXX_LIBRARY = "libc++";
				CLANG_ENABLE_MODULES = YES;
				CLANG_ENABLE_OBJC_ARC = YES;
				CLANG_ENABLE_OBJC_WEAK = YES;
				CLANG_WARN_BLOCK_CAPTURE_AUTORELEASING = YES;
				CLANG_WARN_BOOL_CONVERSION = YES;
				CLANG_WARN_COMMA = YES;
				CLANG_WARN_CONSTANT_CONVERSION = YES;
				CLANG_WARN_DEPRECATED_OBJC_IMPLEMENTATIONS = YES;
				CLANG_WARN_DIRECT_OBJC_ISA_USAGE = YES_ERROR;
				CLANG_WARN_DOCUMENTATION_COMMENTS = YES;
				CLANG_WARN_EMPTY_BODY = YES;
				CLANG_WARN_ENUM_CONVERSION = YES;
				CLANG_WARN_INFINITE_RECURSION = YES;
				CLANG_WARN_INT_CONVERSION = YES;
				CLANG_WARN_NON_LITERAL_NULL_CONVERSION = YES;
				CLANG_WARN_OBJC_IMPLICIT_RETAIN_SELF = YES;
				CLANG_WARN_OBJC_LITERAL_CONVERSION = YES;
				CLANG_WARN_OBJC_ROOT_CLASS = YES_ERROR;
				CLANG_WARN_RANGE_LOOP_ANALYSIS = YES;
				CLANG_WARN_STRICT_PROTOTYPES = YES;
				CLANG_WARN_SUSPICIOUS_MOVE = YES;
				CLANG_WARN_UNGUARDED_AVAILABILITY = YES_AGGRESSIVE;
				CLANG_WARN_UNREACHABLE_CODE = YES;
				CLANG_WARN__DUPLICATE_METHOD_MATCH = YES;
				CODE_SIGN_IDENTITY = "iPhone Developer";
				COPY_PHASE_STRIP = NO;
				DEBUG_INFORMATION_FORMAT = "dwarf-with-dsym";
				ENABLE_NS_ASSERTIONS = NO;
				ENABLE_STRICT_OBJC_MSGSEND = YES;
				GCC_C_LANGUAGE_STANDARD = gnu11;
				GCC_NO_COMMON_BLOCKS = YES;
				GCC_WARN_64_TO_32_BIT_CONVERSION = YES;
				GCC_WARN_ABOUT_RETURN_TYPE = YES_ERROR;
				GCC_WARN_UNDECLARED_SELECTOR = YES;
				GCC_WARN_UNINITIALIZED_AUTOS = YES_AGGRESSIVE;
				GCC_WARN_UNUSED_FUNCTION = YES;
				GCC_WARN_UNUSED_VARIABLE = YES;
				IPHONEOS_DEPLOYMENT_TARGET = 12.2;
				MTL_ENABLE_DEBUG_INFO = NO;
				MTL_FAST_MATH = YES;
				SDKROOT = iphoneos;
				SWIFT_COMPILATION_MODE = wholemodule;
				SWIFT_OPTIMIZATION_LEVEL = "-O";
				VALIDATE_PRODUCT = YES;
			};
			name = Release;
		};
		DE9945F522C18EF00009F836 /* Debug */ = {
			isa = XCBuildConfiguration;
			buildSettings = {
				ASSETCATALOG_COMPILER_APPICON_NAME = AppIcon;
				CODE_SIGN_IDENTITY = "iPhone Developer";
				CODE_SIGN_STYLE = Automatic;
				DEVELOPMENT_TEAM = C6Z5PFJPGG;
				INFOPLIST_FILE = OnTheMap/Info.plist;
				LD_RUNPATH_SEARCH_PATHS = (
					"$(inherited)",
					"@executable_path/Frameworks",
				);
				PRODUCT_BUNDLE_IDENTIFIER = Dev.OnTheMap;
				PRODUCT_NAME = "$(TARGET_NAME)";
				PROVISIONING_PROFILE_SPECIFIER = "";
				SWIFT_VERSION = 5.0;
				TARGETED_DEVICE_FAMILY = "1,2";
			};
			name = Debug;
		};
		DE9945F622C18EF00009F836 /* Release */ = {
			isa = XCBuildConfiguration;
			buildSettings = {
				ASSETCATALOG_COMPILER_APPICON_NAME = AppIcon;
				CODE_SIGN_IDENTITY = "iPhone Developer";
				CODE_SIGN_STYLE = Automatic;
				DEVELOPMENT_TEAM = C6Z5PFJPGG;
				INFOPLIST_FILE = OnTheMap/Info.plist;
				LD_RUNPATH_SEARCH_PATHS = (
					"$(inherited)",
					"@executable_path/Frameworks",
				);
				PRODUCT_BUNDLE_IDENTIFIER = Dev.OnTheMap;
				PRODUCT_NAME = "$(TARGET_NAME)";
				PROVISIONING_PROFILE_SPECIFIER = "";
				SWIFT_VERSION = 5.0;
				TARGETED_DEVICE_FAMILY = "1,2";
			};
			name = Release;
		};
/* End XCBuildConfiguration section */

/* Begin XCConfigurationList section */
		DE9945DD22C18EEC0009F836 /* Build configuration list for PBXProject "OnTheMap" */ = {
			isa = XCConfigurationList;
			buildConfigurations = (
				DE9945F222C18EF00009F836 /* Debug */,
				DE9945F322C18EF00009F836 /* Release */,
			);
			defaultConfigurationIsVisible = 0;
			defaultConfigurationName = Release;
		};
		DE9945F422C18EF00009F836 /* Build configuration list for PBXNativeTarget "OnTheMap" */ = {
			isa = XCConfigurationList;
			buildConfigurations = (
				DE9945F522C18EF00009F836 /* Debug */,
				DE9945F622C18EF00009F836 /* Release */,
			);
			defaultConfigurationIsVisible = 0;
			defaultConfigurationName = Release;
		};
/* End XCConfigurationList section */
	};
	rootObject = DE9945DA22C18EEC0009F836 /* Project object */;
}
